
Microsoft Visual Studio Solution File, Format Version 12.00
# Visual Studio Version 16
VisualStudioVersion = 16.0.31515.178
MinimumVisualStudioVersion = 10.0.40219.1
Project("{FAE04EC0-301F-11D3-BF4B-00C04F79EFBC}") = "ex06-URNA", "ex06-URNA.csproj", "{0796F305-55B0-4640-B5A5-F325A6BA7997}"
EndProject
Global
	GlobalSection(SolutionConfigurationPlatforms) = preSolution
		Debug|Any CPU = Debug|Any CPU
		Release|Any CPU = Release|Any CPU
	EndGlobalSection
	GlobalSection(ProjectConfigurationPlatforms) = postSolution
		{0796F305-55B0-4640-B5A5-F325A6BA7997}.Debug|Any CPU.ActiveCfg = Debug|Any CPU
		{0796F305-55B0-4640-B5A5-F325A6BA7997}.Debug|Any CPU.Build.0 = Debug|Any CPU
		{0796F305-55B0-4640-B5A5-F325A6BA7997}.Release|Any CPU.ActiveCfg = Release|Any CPU
		{0796F305-55B0-4640-B5A5-F325A6BA7997}.Release|Any CPU.Build.0 = Release|Any CPU
	EndGlobalSection
	GlobalSection(SolutionProperties) = preSolution
		HideSolutionNode = FALSE
	EndGlobalSection
	GlobalSection(ExtensibilityGlobals) = postSolution
		SolutionGuid = {A2B109EB-7256-4727-B230-14317DE38DA4}
	EndGlobalSection
EndGlobal
